
Microsoft Visual Studio Solution File, Format Version 12.00
# Visual Studio Version 16
VisualStudioVersion = 16.0.31624.102
MinimumVisualStudioVersion = 10.0.40219.1
Project("{FAE04EC0-301F-11D3-BF4B-00C04F79EFBC}") = "Compiladores", "Compiladores.csproj", "{5DAE7B57-EC3A-4FC3-8BC1-95BB633027E9}"
EndProject
Global
	GlobalSection(SolutionConfigurationPlatforms) = preSolution
		Debug|Any CPU = Debug|Any CPU
		Release|Any CPU = Release|Any CPU
	EndGlobalSection
	GlobalSection(ProjectConfigurationPlatforms) = postSolution
		{5DAE7B57-EC3A-4FC3-8BC1-95BB633027E9}.Debug|Any CPU.ActiveCfg = Debug|Any CPU
		{5DAE7B57-EC3A-4FC3-8BC1-95BB633027E9}.Debug|Any CPU.Build.0 = Debug|Any CPU
		{5DAE7B57-EC3A-4FC3-8BC1-95BB633027E9}.Release|Any CPU.ActiveCfg = Release|Any CPU
		{5DAE7B57-EC3A-4FC3-8BC1-95BB633027E9}.Release|Any CPU.Build.0 = Release|Any CPU
	EndGlobalSection
	GlobalSection(SolutionProperties) = preSolution
		HideSolutionNode = FALSE
	EndGlobalSection
	GlobalSection(ExtensibilityGlobals) = postSolution
		SolutionGuid = {078A1235-F8BD-4243-A3B2-7F943C390226}
	EndGlobalSection
EndGlobal
